{
  "version": "5",
  "specifiers": {
    "npm:commander@11": "11.1.0",
    "npm:picocolors@1": "1.1.1"
  },
  "npm": {
    "commander@11.1.0": {
      "integrity": "sha512-yPVavfyCcRhmorC7rWlkHn15b4wDVgVmBA7kV4QVBsF7kv/9TKJAbAXVTxvTnwP8HHKjRCJDClKbciiYS7p0DQ=="
    },
    "picocolors@1.1.1": {
      "integrity": "sha512-xceH2snhtb5M9liqDsmEw56le376mTZkEX/jEb/RxNFyegNul7eNslCXP9FDj/Lcu0X8KEyMceP2ntpaHrDEVA=="
    }
  },
  "workspace": {
    "dependencies": [
      "npm:commander@11",
      "npm:picocolors@1"
    ]
  }
}
